
Microsoft Visual Studio Solution File, Format Version 12.00
# Visual Studio Version 17
VisualStudioVersion = 17.2.32630.192
MinimumVisualStudioVersion = 10.0.40219.1
Project("{FAE04EC0-301F-11D3-BF4B-00C04F79EFBC}") = "IntroToGitHub", "IntroToGitHub\IntroToGitHub.csproj", "{BD186B8D-6AF0-44E0-A60F-3A13EE933F93}"
EndProject
Global
	GlobalSection(SolutionConfigurationPlatforms) = preSolution
		Debug|Any CPU = Debug|Any CPU
		Release|Any CPU = Release|Any CPU
	EndGlobalSection
	GlobalSection(ProjectConfigurationPlatforms) = postSolution
		{BD186B8D-6AF0-44E0-A60F-3A13EE933F93}.Debug|Any CPU.ActiveCfg = Debug|Any CPU
		{BD186B8D-6AF0-44E0-A60F-3A13EE933F93}.Debug|Any CPU.Build.0 = Debug|Any CPU
		{BD186B8D-6AF0-44E0-A60F-3A13EE933F93}.Release|Any CPU.ActiveCfg = Release|Any CPU
		{BD186B8D-6AF0-44E0-A60F-3A13EE933F93}.Release|Any CPU.Build.0 = Release|Any CPU
	EndGlobalSection
	GlobalSection(SolutionProperties) = preSolution
		HideSolutionNode = FALSE
	EndGlobalSection
	GlobalSection(ExtensibilityGlobals) = postSolution
		SolutionGuid = {4B6085CE-0FDC-43CD-8531-FE6132E7C555}
	EndGlobalSection
EndGlobal
